
Microsoft Visual Studio Solution File, Format Version 12.00
# Visual Studio Version 17
VisualStudioVersion = 17.6.33723.286
MinimumVisualStudioVersion = 10.0.40219.1
Project("{8BC9CEB8-8B4A-11D0-8D11-00A0C91BC942}") = "WinApi1", "WinApi1\WinApi1.vcxproj", "{4486B793-15F9-4FE5-A65C-B2A33A0B4B62}"
EndProject
Project("{8BC9CEB8-8B4A-11D0-8D11-00A0C91BC942}") = "DlgProcClass1", "DlgProcClass1\DlgProcClass1.vcxproj", "{46BEDE93-91A9-4979-832B-516CC5260E0E}"
EndProject
Project("{8BC9CEB8-8B4A-11D0-8D11-00A0C91BC942}") = "D2DOmok", "D2DOmok\D2DOmok.vcxproj", "{14077BF8-9AAB-4BE7-B478-29FAED37D74D}"
EndProject
Project("{8BC9CEB8-8B4A-11D0-8D11-00A0C91BC942}") = "WinDCP", "WinDCP\WinDCP.vcxproj", "{429B1D54-8A04-41B2-A045-CFF8455CB83F}"
EndProject
Project("{8BC9CEB8-8B4A-11D0-8D11-00A0C91BC942}") = "DCP", "DCP\DCP.vcxproj", "{D451CFC2-D845-4F6D-A0EC-107A881B4ECA}"
EndProject
Project("{8BC9CEB8-8B4A-11D0-8D11-00A0C91BC942}") = "WinApi2", "WinApi2\WinApi2.vcxproj", "{21CE6D81-DB88-4791-BE69-8BE398D626AE}"
EndProject
Project("{8BC9CEB8-8B4A-11D0-8D11-00A0C91BC942}") = "DlgProcClass2", "DlgProcClass2\DlgProcClass2.vcxproj", "{54A56996-3071-4154-8350-39F2FD295C25}"
EndProject
Project("{8BC9CEB8-8B4A-11D0-8D11-00A0C91BC942}") = "MyThread", "MyThread\MyThread.vcxproj", "{03C9C1D0-0725-4DE6-AB23-55E7D88C0462}"
EndProject
Project("{8BC9CEB8-8B4A-11D0-8D11-00A0C91BC942}") = "MyThread103", "MyThread103\MyThread103.vcxproj", "{B93F92A0-4D68-421D-A9F4-3F67593D70DF}"
EndProject
Project("{8BC9CEB8-8B4A-11D0-8D11-00A0C91BC942}") = "MyThread105", "MyThread105\MyThread105.vcxproj", "{E110D510-AAE0-4A22-83B7-CB2463179C99}"
EndProject
Project("{8BC9CEB8-8B4A-11D0-8D11-00A0C91BC942}") = "MyThread106", "MyThread106\MyThread106.vcxproj", "{D4B10EBA-3DE9-4DED-869B-1B0B804D3BEB}"
EndProject
Project("{8BC9CEB8-8B4A-11D0-8D11-00A0C91BC942}") = "MyThread107", "MyThread107\MyThread107.vcxproj", "{72B365AD-E1AC-4A84-82C6-67DB0D4074D1}"
EndProject
Project("{8BC9CEB8-8B4A-11D0-8D11-00A0C91BC942}") = "MyThread108", "MyThread108\MyThread108.vcxproj", "{7BAE3F10-9A4E-4FAB-BA3F-64F167447B4D}"
EndProject
Project("{8BC9CEB8-8B4A-11D0-8D11-00A0C91BC942}") = "MyThread109", "MyThread109\MyThread109.vcxproj", "{90DF8403-16A9-48DE-AE93-0B83EA5DD7D3}"
EndProject
Project("{8BC9CEB8-8B4A-11D0-8D11-00A0C91BC942}") = "MyThread110", "MyThread110\MyThread110.vcxproj", "{9DA13DEA-D1FF-4C34-BAC8-284D6F766950}"
EndProject
Project("{8BC9CEB8-8B4A-11D0-8D11-00A0C91BC942}") = "MyThread111", "MyThread111\MyThread111.vcxproj", "{71861246-109A-4A91-A41A-D2983B0C297D}"
EndProject
Project("{8BC9CEB8-8B4A-11D0-8D11-00A0C91BC942}") = "ShapeMap1", "ShapeMap1\ShapeMap1.vcxproj", "{64E74E4B-5631-49E7-8E1B-0B6EE178FEA7}"
EndProject
Project("{8BC9CEB8-8B4A-11D0-8D11-00A0C91BC942}") = "ShapeMap2", "ShapeMap2\ShapeMap2.vcxproj", "{58B50755-80FA-482B-929C-AA6E664383BA}"
EndProject
Project("{8BC9CEB8-8B4A-11D0-8D11-00A0C91BC942}") = "KTLTester", "KTLTester\KTLTester.vcxproj", "{17440682-E176-4B9B-85C5-24E2781DC4E6}"
EndProject
Project("{8BC9CEB8-8B4A-11D0-8D11-00A0C91BC942}") = "DX11s02n03", "DX11s02n03\DX11s02n03.vcxproj", "{4D3A562F-B3D6-4851-98D7-4BCF114DB87F}"
EndProject
Project("{8BC9CEB8-8B4A-11D0-8D11-00A0C91BC942}") = "DX11s3n12", "DX11s3n12\DX11s3n12.vcxproj", "{CBF10FDA-005F-4101-8B82-385F57DBBCD9}"
EndProject
Project("{8BC9CEB8-8B4A-11D0-8D11-00A0C91BC942}") = "DX11Client", "DX11Client\DX11Client.vcxproj", "{85D0FCD2-DB37-443E-B78C-0E55493523CF}"
	ProjectSection(ProjectDependencies) = postProject
		{04C934AF-0AF1-4ACA-AD45-3054CE0F92D9} = {04C934AF-0AF1-4ACA-AD45-3054CE0F92D9}
	EndProjectSection
EndProject
Project("{8BC9CEB8-8B4A-11D0-8D11-00A0C91BC942}") = "DX11Engine", "DX11Engine\DX11Engine.vcxproj", "{04C934AF-0AF1-4ACA-AD45-3054CE0F92D9}"
EndProject
Project("{8BC9CEB8-8B4A-11D0-8D11-00A0C91BC942}") = "D2DBasic1", "D2DBasic1\D2DBasic1.vcxproj", "{56CFE9DF-19C0-4A62-A641-D331E61C112C}"
EndProject
Project("{8BC9CEB8-8B4A-11D0-8D11-00A0C91BC942}") = "LoginWnd", "LoginWnd\LoginWnd.vcxproj", "{595F326B-1768-4FBF-95E0-81D42AD75857}"
EndProject
Project("{8BC9CEB8-8B4A-11D0-8D11-00A0C91BC942}") = "LoginWnd2", "LoginWnd2\LoginWnd2.vcxproj", "{1383A1A7-E543-4F7E-8C87-D72DA019D983}"
EndProject
Project("{8BC9CEB8-8B4A-11D0-8D11-00A0C91BC942}") = "D2DOmok_Peek", "D2DOmok_Peek\D2DOmok_Peek.vcxproj", "{EB55D436-946D-473F-A662-2754139BABA4}"
EndProject
Project("{8BC9CEB8-8B4A-11D0-8D11-00A0C91BC942}") = "LZR920", "LZR920\LZR920.vcxproj", "{EFFCC038-1D2E-4F54-A322-529AFE92F979}"
EndProject
Project("{8BC9CEB8-8B4A-11D0-8D11-00A0C91BC942}") = "TreeView1", "TreeView1\TreeView1.vcxproj", "{C8A0D71A-5155-4F65-BBCB-BC98560505A5}"
EndProject
Project("{8BC9CEB8-8B4A-11D0-8D11-00A0C91BC942}") = "LZR_Win", "LZR_Win\LZR_Win.vcxproj", "{16002C49-B23F-4445-BB4D-0DF4B2DB0DA2}"
EndProject
Project("{8BC9CEB8-8B4A-11D0-8D11-00A0C91BC942}") = "D2DBasic2_PeekClass", "D2DBasic2_PeekClass\D2DBasic2_PeekClass.vcxproj", "{7128F021-ECDE-43C1-BFC7-99A0DFB78F2E}"
EndProject
Project("{8BC9CEB8-8B4A-11D0-8D11-00A0C91BC942}") = "EditCtrl1", "EditCtrl1\EditCtrl1.vcxproj", "{91B88457-2C64-4C9E-9624-5C85FD70E59F}"
EndProject
Global
	GlobalSection(SolutionConfigurationPlatforms) = preSolution
		Debug|x64 = Debug|x64
		Debug|x86 = Debug|x86
		Release|x64 = Release|x64
		Release|x86 = Release|x86
	EndGlobalSection
	GlobalSection(ProjectConfigurationPlatforms) = postSolution
		{4486B793-15F9-4FE5-A65C-B2A33A0B4B62}.Debug|x64.ActiveCfg = Debug|x64
		{4486B793-15F9-4FE5-A65C-B2A33A0B4B62}.Debug|x64.Build.0 = Debug|x64
		{4486B793-15F9-4FE5-A65C-B2A33A0B4B62}.Debug|x86.ActiveCfg = Debug|Win32
		{4486B793-15F9-4FE5-A65C-B2A33A0B4B62}.Debug|x86.Build.0 = Debug|Win32
		{4486B793-15F9-4FE5-A65C-B2A33A0B4B62}.Release|x64.ActiveCfg = Release|x64
		{4486B793-15F9-4FE5-A65C-B2A33A0B4B62}.Release|x64.Build.0 = Release|x64
		{4486B793-15F9-4FE5-A65C-B2A33A0B4B62}.Release|x86.ActiveCfg = Release|Win32
		{4486B793-15F9-4FE5-A65C-B2A33A0B4B62}.Release|x86.Build.0 = Release|Win32
		{46BEDE93-91A9-4979-832B-516CC5260E0E}.Debug|x64.ActiveCfg = Debug|x64
		{46BEDE93-91A9-4979-832B-516CC5260E0E}.Debug|x64.Build.0 = Debug|x64
		{46BEDE93-91A9-4979-832B-516CC5260E0E}.Debug|x86.ActiveCfg = Debug|Win32
		{46BEDE93-91A9-4979-832B-516CC5260E0E}.Debug|x86.Build.0 = Debug|Win32
		{46BEDE93-91A9-4979-832B-516CC5260E0E}.Release|x64.ActiveCfg = Release|x64
		{46BEDE93-91A9-4979-832B-516CC5260E0E}.Release|x64.Build.0 = Release|x64
		{46BEDE93-91A9-4979-832B-516CC5260E0E}.Release|x86.ActiveCfg = Release|Win32
		{46BEDE93-91A9-4979-832B-516CC5260E0E}.Release|x86.Build.0 = Release|Win32
		{14077BF8-9AAB-4BE7-B478-29FAED37D74D}.Debug|x64.ActiveCfg = Debug|x64
		{14077BF8-9AAB-4BE7-B478-29FAED37D74D}.Debug|x64.Build.0 = Debug|x64
		{14077BF8-9AAB-4BE7-B478-29FAED37D74D}.Debug|x86.ActiveCfg = Debug|Win32
		{14077BF8-9AAB-4BE7-B478-29FAED37D74D}.Debug|x86.Build.0 = Debug|Win32
		{14077BF8-9AAB-4BE7-B478-29FAED37D74D}.Release|x64.ActiveCfg = Release|x64
		{14077BF8-9AAB-4BE7-B478-29FAED37D74D}.Release|x64.Build.0 = Release|x64
		{14077BF8-9AAB-4BE7-B478-29FAED37D74D}.Release|x86.ActiveCfg = Release|Win32
		{14077BF8-9AAB-4BE7-B478-29FAED37D74D}.Release|x86.Build.0 = Release|Win32
		{429B1D54-8A04-41B2-A045-CFF8455CB83F}.Debug|x64.ActiveCfg = Debug|x64
		{429B1D54-8A04-41B2-A045-CFF8455CB83F}.Debug|x64.Build.0 = Debug|x64
		{429B1D54-8A04-41B2-A045-CFF8455CB83F}.Debug|x86.ActiveCfg = Debug|Win32
		{429B1D54-8A04-41B2-A045-CFF8455CB83F}.Debug|x86.Build.0 = Debug|Win32
		{429B1D54-8A04-41B2-A045-CFF8455CB83F}.Release|x64.ActiveCfg = Release|x64
		{429B1D54-8A04-41B2-A045-CFF8455CB83F}.Release|x64.Build.0 = Release|x64
		{429B1D54-8A04-41B2-A045-CFF8455CB83F}.Release|x86.ActiveCfg = Release|Win32
		{429B1D54-8A04-41B2-A045-CFF8455CB83F}.Release|x86.Build.0 = Release|Win32
		{D451CFC2-D845-4F6D-A0EC-107A881B4ECA}.Debug|x64.ActiveCfg = Debug|x64
		{D451CFC2-D845-4F6D-A0EC-107A881B4ECA}.Debug|x64.Build.0 = Debug|x64
		{D451CFC2-D845-4F6D-A0EC-107A881B4ECA}.Debug|x86.ActiveCfg = Debug|Win32
		{D451CFC2-D845-4F6D-A0EC-107A881B4ECA}.Debug|x86.Build.0 = Debug|Win32
		{D451CFC2-D845-4F6D-A0EC-107A881B4ECA}.Release|x64.ActiveCfg = Release|x64
		{D451CFC2-D845-4F6D-A0EC-107A881B4ECA}.Release|x64.Build.0 = Release|x64
		{D451CFC2-D845-4F6D-A0EC-107A881B4ECA}.Release|x86.ActiveCfg = Release|Win32
		{D451CFC2-D845-4F6D-A0EC-107A881B4ECA}.Release|x86.Build.0 = Release|Win32
		{21CE6D81-DB88-4791-BE69-8BE398D626AE}.Debug|x64.ActiveCfg = Debug|x64
		{21CE6D81-DB88-4791-BE69-8BE398D626AE}.Debug|x64.Build.0 = Debug|x64
		{21CE6D81-DB88-4791-BE69-8BE398D626AE}.Debug|x86.ActiveCfg = Debug|Win32
		{21CE6D81-DB88-4791-BE69-8BE398D626AE}.Debug|x86.Build.0 = Debug|Win32
		{21CE6D81-DB88-4791-BE69-8BE398D626AE}.Release|x64.ActiveCfg = Release|x64
		{21CE6D81-DB88-4791-BE69-8BE398D626AE}.Release|x64.Build.0 = Release|x64
		{21CE6D81-DB88-4791-BE69-8BE398D626AE}.Release|x86.ActiveCfg = Release|Win32
		{21CE6D81-DB88-4791-BE69-8BE398D626AE}.Release|x86.Build.0 = Release|Win32
		{54A56996-3071-4154-8350-39F2FD295C25}.Debug|x64.ActiveCfg = Debug|x64
		{54A56996-3071-4154-8350-39F2FD295C25}.Debug|x64.Build.0 = Debug|x64
		{54A56996-3071-4154-8350-39F2FD295C25}.Debug|x86.ActiveCfg = Debug|Win32
		{54A56996-3071-4154-8350-39F2FD295C25}.Debug|x86.Build.0 = Debug|Win32
		{54A56996-3071-4154-8350-39F2FD295C25}.Release|x64.ActiveCfg = Release|x64
		{54A56996-3071-4154-8350-39F2FD295C25}.Release|x64.Build.0 = Release|x64
		{54A56996-3071-4154-8350-39F2FD295C25}.Release|x86.ActiveCfg = Release|Win32
		{54A56996-3071-4154-8350-39F2FD295C25}.Release|x86.Build.0 = Release|Win32
		{03C9C1D0-0725-4DE6-AB23-55E7D88C0462}.Debug|x64.ActiveCfg = Debug|x64
		{03C9C1D0-0725-4DE6-AB23-55E7D88C0462}.Debug|x64.Build.0 = Debug|x64
		{03C9C1D0-0725-4DE6-AB23-55E7D88C0462}.Debug|x86.ActiveCfg = Debug|Win32
		{03C9C1D0-0725-4DE6-AB23-55E7D88C0462}.Debug|x86.Build.0 = Debug|Win32
		{03C9C1D0-0725-4DE6-AB23-55E7D88C0462}.Release|x64.ActiveCfg = Release|x64
		{03C9C1D0-0725-4DE6-AB23-55E7D88C0462}.Release|x64.Build.0 = Release|x64
		{03C9C1D0-0725-4DE6-AB23-55E7D88C0462}.Release|x86.ActiveCfg = Release|Win32
		{03C9C1D0-0725-4DE6-AB23-55E7D88C0462}.Release|x86.Build.0 = Release|Win32
		{B93F92A0-4D68-421D-A9F4-3F67593D70DF}.Debug|x64.ActiveCfg = Debug|x64
		{B93F92A0-4D68-421D-A9F4-3F67593D70DF}.Debug|x64.Build.0 = Debug|x64
		{B93F92A0-4D68-421D-A9F4-3F67593D70DF}.Debug|x86.ActiveCfg = Debug|Win32
		{B93F92A0-4D68-421D-A9F4-3F67593D70DF}.Debug|x86.Build.0 = Debug|Win32
		{B93F92A0-4D68-421D-A9F4-3F67593D70DF}.Release|x64.ActiveCfg = Release|x64
		{B93F92A0-4D68-421D-A9F4-3F67593D70DF}.Release|x64.Build.0 = Release|x64
		{B93F92A0-4D68-421D-A9F4-3F67593D70DF}.Release|x86.ActiveCfg = Release|Win32
		{B93F92A0-4D68-421D-A9F4-3F67593D70DF}.Release|x86.Build.0 = Release|Win32
		{E110D510-AAE0-4A22-83B7-CB2463179C99}.Debug|x64.ActiveCfg = Debug|x64
		{E110D510-AAE0-4A22-83B7-CB2463179C99}.Debug|x64.Build.0 = Debug|x64
		{E110D510-AAE0-4A22-83B7-CB2463179C99}.Debug|x86.ActiveCfg = Debug|Win32
		{E110D510-AAE0-4A22-83B7-CB2463179C99}.Debug|x86.Build.0 = Debug|Win32
		{E110D510-AAE0-4A22-83B7-CB2463179C99}.Release|x64.ActiveCfg = Release|x64
		{E110D510-AAE0-4A22-83B7-CB2463179C99}.Release|x64.Build.0 = Release|x64
		{E110D510-AAE0-4A22-83B7-CB2463179C99}.Release|x86.ActiveCfg = Release|Win32
		{E110D510-AAE0-4A22-83B7-CB2463179C99}.Release|x86.Build.0 = Release|Win32
		{D4B10EBA-3DE9-4DED-869B-1B0B804D3BEB}.Debug|x64.ActiveCfg = Debug|x64
		{D4B10EBA-3DE9-4DED-869B-1B0B804D3BEB}.Debug|x64.Build.0 = Debug|x64
		{D4B10EBA-3DE9-4DED-869B-1B0B804D3BEB}.Debug|x86.ActiveCfg = Debug|Win32
		{D4B10EBA-3DE9-4DED-869B-1B0B804D3BEB}.Debug|x86.Build.0 = Debug|Win32
		{D4B10EBA-3DE9-4DED-869B-1B0B804D3BEB}.Release|x64.ActiveCfg = Release|x64
		{D4B10EBA-3DE9-4DED-869B-1B0B804D3BEB}.Release|x64.Build.0 = Release|x64
		{D4B10EBA-3DE9-4DED-869B-1B0B804D3BEB}.Release|x86.ActiveCfg = Release|Win32
		{D4B10EBA-3DE9-4DED-869B-1B0B804D3BEB}.Release|x86.Build.0 = Release|Win32
		{72B365AD-E1AC-4A84-82C6-67DB0D4074D1}.Debug|x64.ActiveCfg = Debug|x64
		{72B365AD-E1AC-4A84-82C6-67DB0D4074D1}.Debug|x64.Build.0 = Debug|x64
		{72B365AD-E1AC-4A84-82C6-67DB0D4074D1}.Debug|x86.ActiveCfg = Debug|Win32
		{72B365AD-E1AC-4A84-82C6-67DB0D4074D1}.Debug|x86.Build.0 = Debug|Win32
		{72B365AD-E1AC-4A84-82C6-67DB0D4074D1}.Release|x64.ActiveCfg = Release|x64
		{72B365AD-E1AC-4A84-82C6-67DB0D4074D1}.Release|x64.Build.0 = Release|x64
		{72B365AD-E1AC-4A84-82C6-67DB0D4074D1}.Release|x86.ActiveCfg = Release|Win32
		{72B365AD-E1AC-4A84-82C6-67DB0D4074D1}.Release|x86.Build.0 = Release|Win32
		{7BAE3F10-9A4E-4FAB-BA3F-64F167447B4D}.Debug|x64.ActiveCfg = Debug|x64
		{7BAE3F10-9A4E-4FAB-BA3F-64F167447B4D}.Debug|x64.Build.0 = Debug|x64
		{7BAE3F10-9A4E-4FAB-BA3F-64F167447B4D}.Debug|x86.ActiveCfg = Debug|Win32
		{7BAE3F10-9A4E-4FAB-BA3F-64F167447B4D}.Debug|x86.Build.0 = Debug|Win32
		{7BAE3F10-9A4E-4FAB-BA3F-64F167447B4D}.Release|x64.ActiveCfg = Release|x64
		{7BAE3F10-9A4E-4FAB-BA3F-64F167447B4D}.Release|x64.Build.0 = Release|x64
		{7BAE3F10-9A4E-4FAB-BA3F-64F167447B4D}.Release|x86.ActiveCfg = Release|Win32
		{7BAE3F10-9A4E-4FAB-BA3F-64F167447B4D}.Release|x86.Build.0 = Release|Win32
		{90DF8403-16A9-48DE-AE93-0B83EA5DD7D3}.Debug|x64.ActiveCfg = Debug|x64
		{90DF8403-16A9-48DE-AE93-0B83EA5DD7D3}.Debug|x64.Build.0 = Debug|x64
		{90DF8403-16A9-48DE-AE93-0B83EA5DD7D3}.Debug|x86.ActiveCfg = Debug|Win32
		{90DF8403-16A9-48DE-AE93-0B83EA5DD7D3}.Debug|x86.Build.0 = Debug|Win32
		{90DF8403-16A9-48DE-AE93-0B83EA5DD7D3}.Release|x64.ActiveCfg = Release|x64
		{90DF8403-16A9-48DE-AE93-0B83EA5DD7D3}.Release|x64.Build.0 = Release|x64
		{90DF8403-16A9-48DE-AE93-0B83EA5DD7D3}.Release|x86.ActiveCfg = Release|Win32
		{90DF8403-16A9-48DE-AE93-0B83EA5DD7D3}.Release|x86.Build.0 = Release|Win32
		{9DA13DEA-D1FF-4C34-BAC8-284D6F766950}.Debug|x64.ActiveCfg = Debug|x64
		{9DA13DEA-D1FF-4C34-BAC8-284D6F766950}.Debug|x64.Build.0 = Debug|x64
		{9DA13DEA-D1FF-4C34-BAC8-284D6F766950}.Debug|x86.ActiveCfg = Debug|Win32
		{9DA13DEA-D1FF-4C34-BAC8-284D6F766950}.Debug|x86.Build.0 = Debug|Win32
		{9DA13DEA-D1FF-4C34-BAC8-284D6F766950}.Release|x64.ActiveCfg = Release|x64
		{9DA13DEA-D1FF-4C34-BAC8-284D6F766950}.Release|x64.Build.0 = Release|x64
		{9DA13DEA-D1FF-4C34-BAC8-284D6F766950}.Release|x86.ActiveCfg = Release|Win32
		{9DA13DEA-D1FF-4C34-BAC8-284D6F766950}.Release|x86.Build.0 = Release|Win32
		{71861246-109A-4A91-A41A-D2983B0C297D}.Debug|x64.ActiveCfg = Debug|x64
		{71861246-109A-4A91-A41A-D2983B0C297D}.Debug|x64.Build.0 = Debug|x64
		{71861246-109A-4A91-A41A-D2983B0C297D}.Debug|x86.ActiveCfg = Debug|Win32
		{71861246-109A-4A91-A41A-D2983B0C297D}.Debug|x86.Build.0 = Debug|Win32
		{71861246-109A-4A91-A41A-D2983B0C297D}.Release|x64.ActiveCfg = Release|x64
		{71861246-109A-4A91-A41A-D2983B0C297D}.Release|x64.Build.0 = Release|x64
		{71861246-109A-4A91-A41A-D2983B0C297D}.Release|x86.ActiveCfg = Release|Win32
		{71861246-109A-4A91-A41A-D2983B0C297D}.Release|x86.Build.0 = Release|Win32
		{64E74E4B-5631-49E7-8E1B-0B6EE178FEA7}.Debug|x64.ActiveCfg = Debug|x64
		{64E74E4B-5631-49E7-8E1B-0B6EE178FEA7}.Debug|x64.Build.0 = Debug|x64
		{64E74E4B-5631-49E7-8E1B-0B6EE178FEA7}.Debug|x86.ActiveCfg = Debug|Win32
		{64E74E4B-5631-49E7-8E1B-0B6EE178FEA7}.Debug|x86.Build.0 = Debug|Win32
		{64E74E4B-5631-49E7-8E1B-0B6EE178FEA7}.Release|x64.ActiveCfg = Release|x64
		{64E74E4B-5631-49E7-8E1B-0B6EE178FEA7}.Release|x64.Build.0 = Release|x64
		{64E74E4B-5631-49E7-8E1B-0B6EE178FEA7}.Release|x86.ActiveCfg = Release|Win32
		{64E74E4B-5631-49E7-8E1B-0B6EE178FEA7}.Release|x86.Build.0 = Release|Win32
		{58B50755-80FA-482B-929C-AA6E664383BA}.Debug|x64.ActiveCfg = Debug|x64
		{58B50755-80FA-482B-929C-AA6E664383BA}.Debug|x64.Build.0 = Debug|x64
		{58B50755-80FA-482B-929C-AA6E664383BA}.Debug|x86.ActiveCfg = Debug|Win32
		{58B50755-80FA-482B-929C-AA6E664383BA}.Debug|x86.Build.0 = Debug|Win32
		{58B50755-80FA-482B-929C-AA6E664383BA}.Release|x64.ActiveCfg = Release|x64
		{58B50755-80FA-482B-929C-AA6E664383BA}.Release|x64.Build.0 = Release|x64
		{58B50755-80FA-482B-929C-AA6E664383BA}.Release|x86.ActiveCfg = Release|Win32
		{58B50755-80FA-482B-929C-AA6E664383BA}.Release|x86.Build.0 = Release|Win32
		{17440682-E176-4B9B-85C5-24E2781DC4E6}.Debug|x64.ActiveCfg = Debug|x64
		{17440682-E176-4B9B-85C5-24E2781DC4E6}.Debug|x64.Build.0 = Debug|x64
		{17440682-E176-4B9B-85C5-24E2781DC4E6}.Debug|x86.ActiveCfg = Debug|Win32
		{17440682-E176-4B9B-85C5-24E2781DC4E6}.Debug|x86.Build.0 = Debug|Win32
		{17440682-E176-4B9B-85C5-24E2781DC4E6}.Release|x64.ActiveCfg = Release|x64
		{17440682-E176-4B9B-85C5-24E2781DC4E6}.Release|x64.Build.0 = Release|x64
		{17440682-E176-4B9B-85C5-24E2781DC4E6}.Release|x86.ActiveCfg = Release|Win32
		{17440682-E176-4B9B-85C5-24E2781DC4E6}.Release|x86.Build.0 = Release|Win32
		{4D3A562F-B3D6-4851-98D7-4BCF114DB87F}.Debug|x64.ActiveCfg = Debug|x64
		{4D3A562F-B3D6-4851-98D7-4BCF114DB87F}.Debug|x64.Build.0 = Debug|x64
		{4D3A562F-B3D6-4851-98D7-4BCF114DB87F}.Debug|x86.ActiveCfg = Debug|Win32
		{4D3A562F-B3D6-4851-98D7-4BCF114DB87F}.Debug|x86.Build.0 = Debug|Win32
		{4D3A562F-B3D6-4851-98D7-4BCF114DB87F}.Release|x64.ActiveCfg = Release|x64
		{4D3A562F-B3D6-4851-98D7-4BCF114DB87F}.Release|x64.Build.0 = Release|x64
		{4D3A562F-B3D6-4851-98D7-4BCF114DB87F}.Release|x86.ActiveCfg = Release|Win32
		{4D3A562F-B3D6-4851-98D7-4BCF114DB87F}.Release|x86.Build.0 = Release|Win32
		{CBF10FDA-005F-4101-8B82-385F57DBBCD9}.Debug|x64.ActiveCfg = Debug|x64
		{CBF10FDA-005F-4101-8B82-385F57DBBCD9}.Debug|x64.Build.0 = Debug|x64
		{CBF10FDA-005F-4101-8B82-385F57DBBCD9}.Debug|x86.ActiveCfg = Debug|Win32
		{CBF10FDA-005F-4101-8B82-385F57DBBCD9}.Debug|x86.Build.0 = Debug|Win32
		{CBF10FDA-005F-4101-8B82-385F57DBBCD9}.Release|x64.ActiveCfg = Release|x64
		{CBF10FDA-005F-4101-8B82-385F57DBBCD9}.Release|x64.Build.0 = Release|x64
		{CBF10FDA-005F-4101-8B82-385F57DBBCD9}.Release|x86.ActiveCfg = Release|Win32
		{CBF10FDA-005F-4101-8B82-385F57DBBCD9}.Release|x86.Build.0 = Release|Win32
		{85D0FCD2-DB37-443E-B78C-0E55493523CF}.Debug|x64.ActiveCfg = Debug|x64
		{85D0FCD2-DB37-443E-B78C-0E55493523CF}.Debug|x64.Build.0 = Debug|x64
		{85D0FCD2-DB37-443E-B78C-0E55493523CF}.Debug|x86.ActiveCfg = Debug|Win32
		{85D0FCD2-DB37-443E-B78C-0E55493523CF}.Debug|x86.Build.0 = Debug|Win32
		{85D0FCD2-DB37-443E-B78C-0E55493523CF}.Release|x64.ActiveCfg = Release|x64
		{85D0FCD2-DB37-443E-B78C-0E55493523CF}.Release|x64.Build.0 = Release|x64
		{85D0FCD2-DB37-443E-B78C-0E55493523CF}.Release|x86.ActiveCfg = Release|Win32
		{85D0FCD2-DB37-443E-B78C-0E55493523CF}.Release|x86.Build.0 = Release|Win32
		{04C934AF-0AF1-4ACA-AD45-3054CE0F92D9}.Debug|x64.ActiveCfg = Debug|x64
		{04C934AF-0AF1-4ACA-AD45-3054CE0F92D9}.Debug|x64.Build.0 = Debug|x64
		{04C934AF-0AF1-4ACA-AD45-3054CE0F92D9}.Debug|x86.ActiveCfg = Debug|Win32
		{04C934AF-0AF1-4ACA-AD45-3054CE0F92D9}.Debug|x86.Build.0 = Debug|Win32
		{04C934AF-0AF1-4ACA-AD45-3054CE0F92D9}.Release|x64.ActiveCfg = Release|x64
		{04C934AF-0AF1-4ACA-AD45-3054CE0F92D9}.Release|x64.Build.0 = Release|x64
		{04C934AF-0AF1-4ACA-AD45-3054CE0F92D9}.Release|x86.ActiveCfg = Release|Win32
		{04C934AF-0AF1-4ACA-AD45-3054CE0F92D9}.Release|x86.Build.0 = Release|Win32
		{56CFE9DF-19C0-4A62-A641-D331E61C112C}.Debug|x64.ActiveCfg = Debug|x64
		{56CFE9DF-19C0-4A62-A641-D331E61C112C}.Debug|x64.Build.0 = Debug|x64
		{56CFE9DF-19C0-4A62-A641-D331E61C112C}.Debug|x86.ActiveCfg = Debug|Win32
		{56CFE9DF-19C0-4A62-A641-D331E61C112C}.Debug|x86.Build.0 = Debug|Win32
		{56CFE9DF-19C0-4A62-A641-D331E61C112C}.Release|x64.ActiveCfg = Release|x64
		{56CFE9DF-19C0-4A62-A641-D331E61C112C}.Release|x64.Build.0 = Release|x64
		{56CFE9DF-19C0-4A62-A641-D331E61C112C}.Release|x86.ActiveCfg = Release|Win32
		{56CFE9DF-19C0-4A62-A641-D331E61C112C}.Release|x86.Build.0 = Release|Win32
		{595F326B-1768-4FBF-95E0-81D42AD75857}.Debug|x64.ActiveCfg = Debug|x64
		{595F326B-1768-4FBF-95E0-81D42AD75857}.Debug|x64.Build.0 = Debug|x64
		{595F326B-1768-4FBF-95E0-81D42AD75857}.Debug|x86.ActiveCfg = Debug|Win32
		{595F326B-1768-4FBF-95E0-81D42AD75857}.Debug|x86.Build.0 = Debug|Win32
		{595F326B-1768-4FBF-95E0-81D42AD75857}.Release|x64.ActiveCfg = Release|x64
		{595F326B-1768-4FBF-95E0-81D42AD75857}.Release|x64.Build.0 = Release|x64
		{595F326B-1768-4FBF-95E0-81D42AD75857}.Release|x86.ActiveCfg = Release|Win32
		{595F326B-1768-4FBF-95E0-81D42AD75857}.Release|x86.Build.0 = Release|Win32
		{1383A1A7-E543-4F7E-8C87-D72DA019D983}.Debug|x64.ActiveCfg = Debug|x64
		{1383A1A7-E543-4F7E-8C87-D72DA019D983}.Debug|x64.Build.0 = Debug|x64
		{1383A1A7-E543-4F7E-8C87-D72DA019D983}.Debug|x86.ActiveCfg = Debug|Win32
		{1383A1A7-E543-4F7E-8C87-D72DA019D983}.Debug|x86.Build.0 = Debug|Win32
		{1383A1A7-E543-4F7E-8C87-D72DA019D983}.Release|x64.ActiveCfg = Release|x64
		{1383A1A7-E543-4F7E-8C87-D72DA019D983}.Release|x64.Build.0 = Release|x64
		{1383A1A7-E543-4F7E-8C87-D72DA019D983}.Release|x86.ActiveCfg = Release|Win32
		{1383A1A7-E543-4F7E-8C87-D72DA019D983}.Release|x86.Build.0 = Release|Win32
		{EB55D436-946D-473F-A662-2754139BABA4}.Debug|x64.ActiveCfg = Debug|x64
		{EB55D436-946D-473F-A662-2754139BABA4}.Debug|x64.Build.0 = Debug|x64
		{EB55D436-946D-473F-A662-2754139BABA4}.Debug|x86.ActiveCfg = Debug|Win32
		{EB55D436-946D-473F-A662-2754139BABA4}.Debug|x86.Build.0 = Debug|Win32
		{EB55D436-946D-473F-A662-2754139BABA4}.Release|x64.ActiveCfg = Release|x64
		{EB55D436-946D-473F-A662-2754139BABA4}.Release|x64.Build.0 = Release|x64
		{EB55D436-946D-473F-A662-2754139BABA4}.Release|x86.ActiveCfg = Release|Win32
		{EB55D436-946D-473F-A662-2754139BABA4}.Release|x86.Build.0 = Release|Win32
		{EFFCC038-1D2E-4F54-A322-529AFE92F979}.Debug|x64.ActiveCfg = Debug|x64
		{EFFCC038-1D2E-4F54-A322-529AFE92F979}.Debug|x64.Build.0 = Debug|x64
		{EFFCC038-1D2E-4F54-A322-529AFE92F979}.Debug|x86.ActiveCfg = Debug|Win32
		{EFFCC038-1D2E-4F54-A322-529AFE92F979}.Debug|x86.Build.0 = Debug|Win32
		{EFFCC038-1D2E-4F54-A322-529AFE92F979}.Release|x64.ActiveCfg = Release|x64
		{EFFCC038-1D2E-4F54-A322-529AFE92F979}.Release|x64.Build.0 = Release|x64
		{EFFCC038-1D2E-4F54-A322-529AFE92F979}.Release|x86.ActiveCfg = Release|Win32
		{EFFCC038-1D2E-4F54-A322-529AFE92F979}.Release|x86.Build.0 = Release|Win32
		{C8A0D71A-5155-4F65-BBCB-BC98560505A5}.Debug|x64.ActiveCfg = Debug|x64
		{C8A0D71A-5155-4F65-BBCB-BC98560505A5}.Debug|x64.Build.0 = Debug|x64
		{C8A0D71A-5155-4F65-BBCB-BC98560505A5}.Debug|x86.ActiveCfg = Debug|Win32
		{C8A0D71A-5155-4F65-BBCB-BC98560505A5}.Debug|x86.Build.0 = Debug|Win32
		{C8A0D71A-5155-4F65-BBCB-BC98560505A5}.Release|x64.ActiveCfg = Release|x64
		{C8A0D71A-5155-4F65-BBCB-BC98560505A5}.Release|x64.Build.0 = Release|x64
		{C8A0D71A-5155-4F65-BBCB-BC98560505A5}.Release|x86.ActiveCfg = Release|Win32
		{C8A0D71A-5155-4F65-BBCB-BC98560505A5}.Release|x86.Build.0 = Release|Win32
		{16002C49-B23F-4445-BB4D-0DF4B2DB0DA2}.Debug|x64.ActiveCfg = Debug|x64
		{16002C49-B23F-4445-BB4D-0DF4B2DB0DA2}.Debug|x64.Build.0 = Debug|x64
		{16002C49-B23F-4445-BB4D-0DF4B2DB0DA2}.Debug|x86.ActiveCfg = Debug|Win32
		{16002C49-B23F-4445-BB4D-0DF4B2DB0DA2}.Debug|x86.Build.0 = Debug|Win32
		{16002C49-B23F-4445-BB4D-0DF4B2DB0DA2}.Release|x64.ActiveCfg = Release|x64
		{16002C49-B23F-4445-BB4D-0DF4B2DB0DA2}.Release|x64.Build.0 = Release|x64
		{16002C49-B23F-4445-BB4D-0DF4B2DB0DA2}.Release|x86.ActiveCfg = Release|Win32
		{16002C49-B23F-4445-BB4D-0DF4B2DB0DA2}.Release|x86.Build.0 = Release|Win32
		{7128F021-ECDE-43C1-BFC7-99A0DFB78F2E}.Debug|x64.ActiveCfg = Debug|x64
		{7128F021-ECDE-43C1-BFC7-99A0DFB78F2E}.Debug|x64.Build.0 = Debug|x64
		{7128F021-ECDE-43C1-BFC7-99A0DFB78F2E}.Debug|x86.ActiveCfg = Debug|Win32
		{7128F021-ECDE-43C1-BFC7-99A0DFB78F2E}.Debug|x86.Build.0 = Debug|Win32
		{7128F021-ECDE-43C1-BFC7-99A0DFB78F2E}.Release|x64.ActiveCfg = Release|x64
		{7128F021-ECDE-43C1-BFC7-99A0DFB78F2E}.Release|x64.Build.0 = Release|x64
		{7128F021-ECDE-43C1-BFC7-99A0DFB78F2E}.Release|x86.ActiveCfg = Release|Win32
		{7128F021-ECDE-43C1-BFC7-99A0DFB78F2E}.Release|x86.Build.0 = Release|Win32
		{91B88457-2C64-4C9E-9624-5C85FD70E59F}.Debug|x64.ActiveCfg = Debug|x64
		{91B88457-2C64-4C9E-9624-5C85FD70E59F}.Debug|x64.Build.0 = Debug|x64
		{91B88457-2C64-4C9E-9624-5C85FD70E59F}.Debug|x86.ActiveCfg = Debug|Win32
		{91B88457-2C64-4C9E-9624-5C85FD70E59F}.Debug|x86.Build.0 = Debug|Win32
		{91B88457-2C64-4C9E-9624-5C85FD70E59F}.Release|x64.ActiveCfg = Release|x64
		{91B88457-2C64-4C9E-9624-5C85FD70E59F}.Release|x64.Build.0 = Release|x64
		{91B88457-2C64-4C9E-9624-5C85FD70E59F}.Release|x86.ActiveCfg = Release|Win32
		{91B88457-2C64-4C9E-9624-5C85FD70E59F}.Release|x86.Build.0 = Release|Win32
	EndGlobalSection
	GlobalSection(SolutionProperties) = preSolution
		HideSolutionNode = FALSE
	EndGlobalSection
	GlobalSection(ExtensibilityGlobals) = postSolution
		SolutionGuid = {2538F479-5DE9-42E3-812C-CF4F21032D55}
	EndGlobalSection
EndGlobal
