<?xml version="1.0" encoding="utf-8"?>
<Project ToolsVersion="4.0" xmlns="http://schemas.microsoft.com/developer/msbuild/2003">
  <ItemGroup>
    <Filter Include="리소스 파일">
      <UniqueIdentifier>{67DA6AB6-F800-4c08-8B7A-83BB121AAD01}</UniqueIdentifier>
      <Extensions>rc;ico;cur;bmp;dlg;rc2;rct;bin;rgs;gif;jpg;jpeg;jpe;resx;tiff;tif;png;wav;mfcribbon-ms</Extensions>
    </Filter>
    <Filter Include="Default">
      <UniqueIdentifier>{c06601ca-7f35-45eb-bef2-58dfe1a7d8ec}</UniqueIdentifier>
    </Filter>
    <Filter Include="_02_Engine">
      <UniqueIdentifier>{e263d58f-c6d2-44ab-ba6d-367ff3c570a3}</UniqueIdentifier>
    </Filter>
    <Filter Include="_01_Header">
      <UniqueIdentifier>{f683ee26-e768-4f26-a328-aa5b5a34c5b3}</UniqueIdentifier>
    </Filter>
    <Filter Include="_03_Device">
      <UniqueIdentifier>{0b08b12f-f628-444b-b8b8-d948c2d88db8}</UniqueIdentifier>
    </Filter>
    <Filter Include="Module">
      <UniqueIdentifier>{c0c420d5-f26a-440d-b43c-f3333ae11ba9}</UniqueIdentifier>
    </Filter>
  </ItemGroup>
  <ItemGroup>
    <ClInclude Include="framework.h">
      <Filter>Default</Filter>
    </ClInclude>
    <ClInclude Include="pch.h">
      <Filter>Default</Filter>
    </ClInclude>
    <ClInclude Include="Engine.h">
      <Filter>_02_Engine</Filter>
    </ClInclude>
    <ClInclude Include="global.h">
      <Filter>_01_Header</Filter>
    </ClInclude>
    <ClInclude Include="Temp.h" />
    <ClInclude Include="Device.h">
      <Filter>_03_Device</Filter>
    </ClInclude>
    <ClInclude Include="SimpleMath.h">
      <Filter>Module</Filter>
    </ClInclude>
    <ClInclude Include="define.h">
      <Filter>_01_Header</Filter>
    </ClInclude>
    <ClInclude Include="struct.h">
      <Filter>_01_Header</Filter>
    </ClInclude>
  </ItemGroup>
  <ItemGroup>
    <ClCompile Include="DX11Engine.cpp">
      <Filter>Default</Filter>
    </ClCompile>
    <ClCompile Include="pch.cpp">
      <Filter>Default</Filter>
    </ClCompile>
    <ClCompile Include="Engine.cpp">
      <Filter>_02_Engine</Filter>
    </ClCompile>
    <ClCompile Include="Temp.cpp" />
    <ClCompile Include="Device.cpp">
      <Filter>_03_Device</Filter>
    </ClCompile>
  </ItemGroup>
  <ItemGroup>
    <None Include="SimpleMath.inl">
      <Filter>Module</Filter>
    </None>
  </ItemGroup>
</Project>