<?xml version="1.0" encoding="utf-8"?>
<Project ToolsVersion="4.0" xmlns="http://schemas.microsoft.com/developer/msbuild/2003">
  <ItemGroup>
    <Filter Include="리소스 파일">
      <UniqueIdentifier>{67DA6AB6-F800-4c08-8B7A-83BB121AAD01}</UniqueIdentifier>
      <Extensions>rc;ico;cur;bmp;dlg;rc2;rct;bin;rgs;gif;jpg;jpeg;jpe;resx;tiff;tif;png;wav;mfcribbon-ms</Extensions>
    </Filter>
    <Filter Include="Common">
      <UniqueIdentifier>{93c70b07-c4a7-497a-bd75-8e2f8e0a254f}</UniqueIdentifier>
    </Filter>
    <Filter Include="Service">
      <UniqueIdentifier>{b68e4024-4a75-474e-ad29-6e21609985ad}</UniqueIdentifier>
    </Filter>
  </ItemGroup>
  <ItemGroup>
    <ClInclude Include="framework.h" />
    <ClInclude Include="main.h" />
    <ClInclude Include="pch.h" />
    <ClInclude Include="Resource.h" />
    <ClInclude Include="targetver.h" />
    <ClInclude Include="LZR920_Define.h">
      <Filter>Common</Filter>
    </ClInclude>
    <ClInclude Include="LZR920_Struct.h">
      <Filter>Common</Filter>
    </ClInclude>
    <ClInclude Include="LZR920_Enum.h">
      <Filter>Common</Filter>
    </ClInclude>
    <ClInclude Include="serial_rs485.h">
      <Filter>Service</Filter>
    </ClInclude>
    <ClInclude Include="LZR920_Func.h">
      <Filter>Common</Filter>
    </ClInclude>
  </ItemGroup>
  <ItemGroup>
    <ClCompile Include="main.cpp" />
    <ClCompile Include="pch.cpp" />
    <ClCompile Include="serial_rs485_linux.c">
      <Filter>Service</Filter>
    </ClCompile>
    <ClCompile Include="serial_rs485_win.c">
      <Filter>Service</Filter>
    </ClCompile>
    <ClCompile Include="LZR920_Func.cpp">
      <Filter>Common</Filter>
    </ClCompile>
  </ItemGroup>
  <ItemGroup>
    <ResourceCompile Include="LZR920.rc">
      <Filter>리소스 파일</Filter>
    </ResourceCompile>
  </ItemGroup>
  <ItemGroup>
    <Image Include="small.ico">
      <Filter>리소스 파일</Filter>
    </Image>
    <Image Include="LZR920.ico">
      <Filter>리소스 파일</Filter>
    </Image>
  </ItemGroup>
</Project>